
Microsoft Visual Studio Solution File, Format Version 12.00
# Visual Studio Version 16
VisualStudioVersion = 16.0.29519.87
MinimumVisualStudioVersion = 10.0.40219.1
Project("{9A19103F-16F7-4668-BE54-9A1E7A4F7556}") = "Demo1", "Demo1\Demo1.csproj", "{8AA15C14-78AE-4062-B143-2E1245EAF82B}"
EndProject
Project("{FAE04EC0-301F-11D3-BF4B-00C04F79EFBC}") = "Db.Sqlserver", "Db.Sqlserver\Db.Sqlserver.csproj", "{18118C0B-EE17-4D9B-A891-52BACCDB5CB0}"
EndProject
Project("{FAE04EC0-301F-11D3-BF4B-00C04F79EFBC}") = "Db.Mysql", "Db.Mysql\Db.Mysql.csproj", "{EBD92783-D3B3-49A7-96CA-50B079BCC9B4}"
EndProject
Project("{FAE04EC0-301F-11D3-BF4B-00C04F79EFBC}") = "Db.Interface", "Db.Interface\Db.Interface.csproj", "{5B9FB977-3E3D-4103-A089-C6BEFAA2F5BE}"
EndProject
Global
	GlobalSection(SolutionConfigurationPlatforms) = preSolution
		Debug|Any CPU = Debug|Any CPU
		Release|Any CPU = Release|Any CPU
	EndGlobalSection
	GlobalSection(ProjectConfigurationPlatforms) = postSolution
		{8AA15C14-78AE-4062-B143-2E1245EAF82B}.Debug|Any CPU.ActiveCfg = Debug|Any CPU
		{8AA15C14-78AE-4062-B143-2E1245EAF82B}.Debug|Any CPU.Build.0 = Debug|Any CPU
		{8AA15C14-78AE-4062-B143-2E1245EAF82B}.Release|Any CPU.ActiveCfg = Release|Any CPU
		{8AA15C14-78AE-4062-B143-2E1245EAF82B}.Release|Any CPU.Build.0 = Release|Any CPU
		{18118C0B-EE17-4D9B-A891-52BACCDB5CB0}.Debug|Any CPU.ActiveCfg = Debug|Any CPU
		{18118C0B-EE17-4D9B-A891-52BACCDB5CB0}.Debug|Any CPU.Build.0 = Debug|Any CPU
		{18118C0B-EE17-4D9B-A891-52BACCDB5CB0}.Release|Any CPU.ActiveCfg = Release|Any CPU
		{18118C0B-EE17-4D9B-A891-52BACCDB5CB0}.Release|Any CPU.Build.0 = Release|Any CPU
		{EBD92783-D3B3-49A7-96CA-50B079BCC9B4}.Debug|Any CPU.ActiveCfg = Debug|Any CPU
		{EBD92783-D3B3-49A7-96CA-50B079BCC9B4}.Debug|Any CPU.Build.0 = Debug|Any CPU
		{EBD92783-D3B3-49A7-96CA-50B079BCC9B4}.Release|Any CPU.ActiveCfg = Release|Any CPU
		{EBD92783-D3B3-49A7-96CA-50B079BCC9B4}.Release|Any CPU.Build.0 = Release|Any CPU
		{5B9FB977-3E3D-4103-A089-C6BEFAA2F5BE}.Debug|Any CPU.ActiveCfg = Debug|Any CPU
		{5B9FB977-3E3D-4103-A089-C6BEFAA2F5BE}.Debug|Any CPU.Build.0 = Debug|Any CPU
		{5B9FB977-3E3D-4103-A089-C6BEFAA2F5BE}.Release|Any CPU.ActiveCfg = Release|Any CPU
		{5B9FB977-3E3D-4103-A089-C6BEFAA2F5BE}.Release|Any CPU.Build.0 = Release|Any CPU
	EndGlobalSection
	GlobalSection(SolutionProperties) = preSolution
		HideSolutionNode = FALSE
	EndGlobalSection
	GlobalSection(ExtensibilityGlobals) = postSolution
		SolutionGuid = {575132D7-6998-4AB0-8C2D-4A72C1AF0270}
	EndGlobalSection
EndGlobal
